
Microsoft Visual Studio Solution File, Format Version 12.00
# Visual Studio Version 17
VisualStudioVersion = 17.7.34024.191
MinimumVisualStudioVersion = 10.0.40219.1
Project("{FAE04EC0-301F-11D3-BF4B-00C04F79EFBC}") = "TP-1", "TP-1.csproj", "{63936C4E-EE84-4432-B339-EBFC0EE0A179}"
EndProject
Global
	GlobalSection(SolutionConfigurationPlatforms) = preSolution
		Debug|Any CPU = Debug|Any CPU
		Release|Any CPU = Release|Any CPU
	EndGlobalSection
	GlobalSection(ProjectConfigurationPlatforms) = postSolution
		{63936C4E-EE84-4432-B339-EBFC0EE0A179}.Debug|Any CPU.ActiveCfg = Debug|Any CPU
		{63936C4E-EE84-4432-B339-EBFC0EE0A179}.Debug|Any CPU.Build.0 = Debug|Any CPU
		{63936C4E-EE84-4432-B339-EBFC0EE0A179}.Release|Any CPU.ActiveCfg = Release|Any CPU
		{63936C4E-EE84-4432-B339-EBFC0EE0A179}.Release|Any CPU.Build.0 = Release|Any CPU
	EndGlobalSection
	GlobalSection(SolutionProperties) = preSolution
		HideSolutionNode = FALSE
	EndGlobalSection
	GlobalSection(ExtensibilityGlobals) = postSolution
		SolutionGuid = {202AED80-1702-4C00-9655-FE94716DA668}
	EndGlobalSection
EndGlobal
